// !$*UTF8*$!
{
	archiveVersion = 1;
	classes = {
	};
	objectVersion = 56;
	objects = {

/* Begin PBXBuildFile section */
		DC337410096C3BC28B20E507 /* Pods_Instagram.framework in Frameworks */ = {isa = PBXBuildFile; fileRef = 893DD88576EED4766678BB12 /* Pods_Instagram.framework */; };
		DFBAF2C22C48E1F400DCFDC9 /* AppDelegate.swift in Sources */ = {isa = PBXBuildFile; fileRef = DFBAF2C12C48E1F400DCFDC9 /* AppDelegate.swift */; };
		DFBAF2C42C48E1F400DCFDC9 /* SceneDelegate.swift in Sources */ = {isa = PBXBuildFile; fileRef = DFBAF2C32C48E1F400DCFDC9 /* SceneDelegate.swift */; };
		DFBAF2C92C48E1F400DCFDC9 /* Main.storyboard in Resources */ = {isa = PBXBuildFile; fileRef = DFBAF2C72C48E1F400DCFDC9 /* Main.storyboard */; };
		DFBAF2CB2C48E1F500DCFDC9 /* Assets.xcassets in Resources */ = {isa = PBXBuildFile; fileRef = DFBAF2CA2C48E1F500DCFDC9 /* Assets.xcassets */; };
		DFBAF2CE2C48E1F500DCFDC9 /* LaunchScreen.storyboard in Resources */ = {isa = PBXBuildFile; fileRef = DFBAF2CC2C48E1F500DCFDC9 /* LaunchScreen.storyboard */; };
		DFBAF2D62C48E36100DCFDC9 /* LoginViewController.swift in Sources */ = {isa = PBXBuildFile; fileRef = DFBAF2D52C48E36100DCFDC9 /* LoginViewController.swift */; };
		DFBAF2D82C48E37300DCFDC9 /* HomeViewController.swift in Sources */ = {isa = PBXBuildFile; fileRef = DFBAF2D72C48E37300DCFDC9 /* HomeViewController.swift */; };
		DFBAF2DA2C48E38800DCFDC9 /* ImageSelectViewController.swift in Sources */ = {isa = PBXBuildFile; fileRef = DFBAF2D92C48E38800DCFDC9 /* ImageSelectViewController.swift */; };
		DFBAF2DC2C48E39600DCFDC9 /* PostViewController.swift in Sources */ = {isa = PBXBuildFile; fileRef = DFBAF2DB2C48E39600DCFDC9 /* PostViewController.swift */; };
		DFBAF2DE2C48E3A500DCFDC9 /* SettingViewController.swift in Sources */ = {isa = PBXBuildFile; fileRef = DFBAF2DD2C48E3A500DCFDC9 /* SettingViewController.swift */; };
		DFBAF2E02C48E7EF00DCFDC9 /* TabBarController.swift in Sources */ = {isa = PBXBuildFile; fileRef = DFBAF2DF2C48E7EF00DCFDC9 /* TabBarController.swift */; };
		DFBAF2E22C48EB3600DCFDC9 /* GoogleService-Info.plist in Resources */ = {isa = PBXBuildFile; fileRef = DFBAF2E12C48EB3600DCFDC9 /* GoogleService-Info.plist */; };
/* End PBXBuildFile section */

/* Begin PBXFileReference section */
		4C62570BD884727F8191EA90 /* Pods-Instagram.debug.xcconfig */ = {isa = PBXFileReference; includeInIndex = 1; lastKnownFileType = text.xcconfig; name = "Pods-Instagram.debug.xcconfig"; path = "Target Support Files/Pods-Instagram/Pods-Instagram.debug.xcconfig"; sourceTree = "<group>"; };
		893DD88576EED4766678BB12 /* Pods_Instagram.framework */ = {isa = PBXFileReference; explicitFileType = wrapper.framework; includeInIndex = 0; path = Pods_Instagram.framework; sourceTree = BUILT_PRODUCTS_DIR; };
		8ECD045591558F7FFF2CFEFD /* Pods-Instagram.release.xcconfig */ = {isa = PBXFileReference; includeInIndex = 1; lastKnownFileType = text.xcconfig; name = "Pods-Instagram.release.xcconfig"; path = "Target Support Files/Pods-Instagram/Pods-Instagram.release.xcconfig"; sourceTree = "<group>"; };
		DFBAF2BE2C48E1F400DCFDC9 /* Instagram.app */ = {isa = PBXFileReference; explicitFileType = wrapper.application; includeInIndex = 0; path = Instagram.app; sourceTree = BUILT_PRODUCTS_DIR; };
		DFBAF2C12C48E1F400DCFDC9 /* AppDelegate.swift */ = {isa = PBXFileReference; lastKnownFileType = sourcecode.swift; path = AppDelegate.swift; sourceTree = "<group>"; };
		DFBAF2C32C48E1F400DCFDC9 /* SceneDelegate.swift */ = {isa = PBXFileReference; lastKnownFileType = sourcecode.swift; path = SceneDelegate.swift; sourceTree = "<group>"; };
		DFBAF2C82C48E1F400DCFDC9 /* Base */ = {isa = PBXFileReference; lastKnownFileType = file.storyboard; name = Base; path = Base.lproj/Main.storyboard; sourceTree = "<group>"; };
		DFBAF2CA2C48E1F500DCFDC9 /* Assets.xcassets */ = {isa = PBXFileReference; lastKnownFileType = folder.assetcatalog; path = Assets.xcassets; sourceTree = "<group>"; };
		DFBAF2CD2C48E1F500DCFDC9 /* Base */ = {isa = PBXFileReference; lastKnownFileType = file.storyboard; name = Base; path = Base.lproj/LaunchScreen.storyboard; sourceTree = "<group>"; };
		DFBAF2CF2C48E1F500DCFDC9 /* Info.plist */ = {isa = PBXFileReference; lastKnownFileType = text.plist.xml; path = Info.plist; sourceTree = "<group>"; };
		DFBAF2D52C48E36100DCFDC9 /* LoginViewController.swift */ = {isa = PBXFileReference; lastKnownFileType = sourcecode.swift; path = LoginViewController.swift; sourceTree = "<group>"; };
		DFBAF2D72C48E37300DCFDC9 /* HomeViewController.swift */ = {isa = PBXFileReference; lastKnownFileType = sourcecode.swift; path = HomeViewController.swift; sourceTree = "<group>"; };
		DFBAF2D92C48E38800DCFDC9 /* ImageSelectViewController.swift */ = {isa = PBXFileReference; lastKnownFileType = sourcecode.swift; path = ImageSelectViewController.swift; sourceTree = "<group>"; };
		DFBAF2DB2C48E39600DCFDC9 /* PostViewController.swift */ = {isa = PBXFileReference; lastKnownFileType = sourcecode.swift; path = PostViewController.swift; sourceTree = "<group>"; };
		DFBAF2DD2C48E3A500DCFDC9 /* SettingViewController.swift */ = {isa = PBXFileReference; lastKnownFileType = sourcecode.swift; path = SettingViewController.swift; sourceTree = "<group>"; };
		DFBAF2DF2C48E7EF00DCFDC9 /* TabBarController.swift */ = {isa = PBXFileReference; lastKnownFileType = sourcecode.swift; path = TabBarController.swift; sourceTree = "<group>"; };
		DFBAF2E12C48EB3600DCFDC9 /* GoogleService-Info.plist */ = {isa = PBXFileReference; fileEncoding = 4; lastKnownFileType = text.plist.xml; path = "GoogleService-Info.plist"; sourceTree = "<group>"; };
/* End PBXFileReference section */

/* Begin PBXFrameworksBuildPhase section */
		DFBAF2BB2C48E1F400DCFDC9 /* Frameworks */ = {
			isa = PBXFrameworksBuildPhase;
			buildActionMask = 2147483647;
			files = (
				DC337410096C3BC28B20E507 /* Pods_Instagram.framework in Frameworks */,
			);
			runOnlyForDeploymentPostprocessing = 0;
		};
/* End PBXFrameworksBuildPhase section */

/* Begin PBXGroup section */
		B65C3850E14CA48F2E58D042 /* Pods */ = {
			isa = PBXGroup;
			children = (
				4C62570BD884727F8191EA90 /* Pods-Instagram.debug.xcconfig */,
				8ECD045591558F7FFF2CFEFD /* Pods-Instagram.release.xcconfig */,
			);
			name = Pods;
			path = Pods;
			sourceTree = "<group>";
		};
		DFBAF2B52C48E1F400DCFDC9 = {
			isa = PBXGroup;
			children = (
				DFBAF2C02C48E1F400DCFDC9 /* Instagram */,
				DFBAF2BF2C48E1F400DCFDC9 /* Products */,
				B65C3850E14CA48F2E58D042 /* Pods */,
				E2D9C3502DBD0A36A13DBC8B /* Frameworks */,
			);
			sourceTree = "<group>";
		};
		DFBAF2BF2C48E1F400DCFDC9 /* Products */ = {
			isa = PBXGroup;
			children = (
				DFBAF2BE2C48E1F400DCFDC9 /* Instagram.app */,
			);
			name = Products;
			sourceTree = "<group>";
		};
		DFBAF2C02C48E1F400DCFDC9 /* Instagram */ = {
			isa = PBXGroup;
			children = (
				DFBAF2C12C48E1F400DCFDC9 /* AppDelegate.swift */,
				DFBAF2C32C48E1F400DCFDC9 /* SceneDelegate.swift */,
				DFBAF2D52C48E36100DCFDC9 /* LoginViewController.swift */,
				DFBAF2D92C48E38800DCFDC9 /* ImageSelectViewController.swift */,
				DFBAF2DB2C48E39600DCFDC9 /* PostViewController.swift */,
				DFBAF2DD2C48E3A500DCFDC9 /* SettingViewController.swift */,
				DFBAF2DF2C48E7EF00DCFDC9 /* TabBarController.swift */,
				DFBAF2D72C48E37300DCFDC9 /* HomeViewController.swift */,
				DFBAF2C72C48E1F400DCFDC9 /* Main.storyboard */,
				DFBAF2CA2C48E1F500DCFDC9 /* Assets.xcassets */,
				DFBAF2CC2C48E1F500DCFDC9 /* LaunchScreen.storyboard */,
				DFBAF2CF2C48E1F500DCFDC9 /* Info.plist */,
				DFBAF2E12C48EB3600DCFDC9 /* GoogleService-Info.plist */,
			);
			path = Instagram;
			sourceTree = "<group>";
		};
		E2D9C3502DBD0A36A13DBC8B /* Frameworks */ = {
			isa = PBXGroup;
			children = (
				893DD88576EED4766678BB12 /* Pods_Instagram.framework */,
			);
			name = Frameworks;
			sourceTree = "<group>";
		};
/* End PBXGroup section */

/* Begin PBXNativeTarget section */
		DFBAF2BD2C48E1F400DCFDC9 /* Instagram */ = {
			isa = PBXNativeTarget;
			buildConfigurationList = DFBAF2D22C48E1F500DCFDC9 /* Build configuration list for PBXNativeTarget "Instagram" */;
			buildPhases = (
				3CF6340C44E9156747DFFF06 /* [CP] Check Pods Manifest.lock */,
				DFBAF2BA2C48E1F400DCFDC9 /* Sources */,
				DFBAF2BB2C48E1F400DCFDC9 /* Frameworks */,
				DFBAF2BC2C48E1F400DCFDC9 /* Resources */,
				6DCFB2049BEFAD7666A994BE /* [CP] Embed Pods Frameworks */,
			);
			buildRules = (
			);
			dependencies = (
			);
			name = Instagram;
			productName = Instagram;
			productReference = DFBAF2BE2C48E1F400DCFDC9 /* Instagram.app */;
			productType = "com.apple.product-type.application";
		};
/* End PBXNativeTarget section */

/* Begin PBXProject section */
		DFBAF2B62C48E1F400DCFDC9 /* Project object */ = {
			isa = PBXProject;
			attributes = {
				BuildIndependentTargetsInParallel = 1;
				LastSwiftUpdateCheck = 1510;
				LastUpgradeCheck = 1510;
				TargetAttributes = {
					DFBAF2BD2C48E1F400DCFDC9 = {
						CreatedOnToolsVersion = 15.1;
					};
				};
			};
			buildConfigurationList = DFBAF2B92C48E1F400DCFDC9 /* Build configuration list for PBXProject "Instagram" */;
			compatibilityVersion = "Xcode 14.0";
			developmentRegion = en;
			hasScannedForEncodings = 0;
			knownRegions = (
				en,
				Base,
			);
			mainGroup = DFBAF2B52C48E1F400DCFDC9;
			productRefGroup = DFBAF2BF2C48E1F400DCFDC9 /* Products */;
			projectDirPath = "";
			projectRoot = "";
			targets = (
				DFBAF2BD2C48E1F400DCFDC9 /* Instagram */,
			);
		};
/* End PBXProject section */

/* Begin PBXResourcesBuildPhase section */
		DFBAF2BC2C48E1F400DCFDC9 /* Resources */ = {
			isa = PBXResourcesBuildPhase;
			buildActionMask = 2147483647;
			files = (
				DFBAF2CE2C48E1F500DCFDC9 /* LaunchScreen.storyboard in Resources */,
				DFBAF2E22C48EB3600DCFDC9 /* GoogleService-Info.plist in Resources */,
				DFBAF2CB2C48E1F500DCFDC9 /* Assets.xcassets in Resources */,
				DFBAF2C92C48E1F400DCFDC9 /* Main.storyboard in Resources */,
			);
			runOnlyForDeploymentPostprocessing = 0;
		};
/* End PBXResourcesBuildPhase section */

/* Begin PBXShellScriptBuildPhase section */
		3CF6340C44E9156747DFFF06 /* [CP] Check Pods Manifest.lock */ = {
			isa = PBXShellScriptBuildPhase;
			buildActionMask = 2147483647;
			files = (
			);
			inputFileListPaths = (
			);
			inputPaths = (
				"${PODS_PODFILE_DIR_PATH}/Podfile.lock",
				"${PODS_ROOT}/Manifest.lock",
			);
			name = "[CP] Check Pods Manifest.lock";
			outputFileListPaths = (
			);
			outputPaths = (
				"$(DERIVED_FILE_DIR)/Pods-Instagram-checkManifestLockResult.txt",
			);
			runOnlyForDeploymentPostprocessing = 0;
			shellPath = /bin/sh;
			shellScript = "diff \"${PODS_PODFILE_DIR_PATH}/Podfile.lock\" \"${PODS_ROOT}/Manifest.lock\" > /dev/null\nif [ $? != 0 ] ; then\n    # print error to STDERR\n    echo \"error: The sandbox is not in sync with the Podfile.lock. Run 'pod install' or update your CocoaPods installation.\" >&2\n    exit 1\nfi\n# This output is used by Xcode 'outputs' to avoid re-running this script phase.\necho \"SUCCESS\" > \"${SCRIPT_OUTPUT_FILE_0}\"\n";
			showEnvVarsInLog = 0;
		};
		6DCFB2049BEFAD7666A994BE /* [CP] Embed Pods Frameworks */ = {
			isa = PBXShellScriptBuildPhase;
			buildActionMask = 2147483647;
			files = (
			);
			inputFileListPaths = (
				"${PODS_ROOT}/Target Support Files/Pods-Instagram/Pods-Instagram-frameworks-${CONFIGURATION}-input-files.xcfilelist",
			);
			name = "[CP] Embed Pods Frameworks";
			outputFileListPaths = (
				"${PODS_ROOT}/Target Support Files/Pods-Instagram/Pods-Instagram-frameworks-${CONFIGURATION}-output-files.xcfilelist",
			);
			runOnlyForDeploymentPostprocessing = 0;
			shellPath = /bin/sh;
			shellScript = "\"${PODS_ROOT}/Target Support Files/Pods-Instagram/Pods-Instagram-frameworks.sh\"\n";
			showEnvVarsInLog = 0;
		};
/* End PBXShellScriptBuildPhase section */

/* Begin PBXSourcesBuildPhase section */
		DFBAF2BA2C48E1F400DCFDC9 /* Sources */ = {
			isa = PBXSourcesBuildPhase;
			buildActionMask = 2147483647;
			files = (
				DFBAF2DA2C48E38800DCFDC9 /* ImageSelectViewController.swift in Sources */,
				DFBAF2E02C48E7EF00DCFDC9 /* TabBarController.swift in Sources */,
				DFBAF2D82C48E37300DCFDC9 /* HomeViewController.swift in Sources */,
				DFBAF2DC2C48E39600DCFDC9 /* PostViewController.swift in Sources */,
				DFBAF2DE2C48E3A500DCFDC9 /* SettingViewController.swift in Sources */,
				DFBAF2D62C48E36100DCFDC9 /* LoginViewController.swift in Sources */,
				DFBAF2C22C48E1F400DCFDC9 /* AppDelegate.swift in Sources */,
				DFBAF2C42C48E1F400DCFDC9 /* SceneDelegate.swift in Sources */,
			);
			runOnlyForDeploymentPostprocessing = 0;
		};
/* End PBXSourcesBuildPhase section */

/* Begin PBXVariantGroup section */
		DFBAF2C72C48E1F400DCFDC9 /* Main.storyboard */ = {
			isa = PBXVariantGroup;
			children = (
				DFBAF2C82C48E1F400DCFDC9 /* Base */,
			);
			name = Main.storyboard;
			sourceTree = "<group>";
		};
		DFBAF2CC2C48E1F500DCFDC9 /* LaunchScreen.storyboard */ = {
			isa = PBXVariantGroup;
			children = (
				DFBAF2CD2C48E1F500DCFDC9 /* Base */,
			);
			name = LaunchScreen.storyboard;
			sourceTree = "<group>";
		};
/* End PBXVariantGroup section */

/* Begin XCBuildConfiguration section */
		DFBAF2D02C48E1F500DCFDC9 /* Debug */ = {
			isa = XCBuildConfiguration;
			buildSettings = {
				ALWAYS_SEARCH_USER_PATHS = NO;
				ASSETCATALOG_COMPILER_GENERATE_SWIFT_ASSET_SYMBOL_EXTENSIONS = YES;
				CLANG_ANALYZER_NONNULL = YES;
				CLANG_ANALYZER_NUMBER_OBJECT_CONVERSION = YES_AGGRESSIVE;
				CLANG_CXX_LANGUAGE_STANDARD = "gnu++20";
				CLANG_ENABLE_MODULES = YES;
				CLANG_ENABLE_OBJC_ARC = YES;
				CLANG_ENABLE_OBJC_WEAK = YES;
				CLANG_WARN_BLOCK_CAPTURE_AUTORELEASING = YES;
				CLANG_WARN_BOOL_CONVERSION = YES;
				CLANG_WARN_COMMA = YES;
				CLANG_WARN_CONSTANT_CONVERSION = YES;
				CLANG_WARN_DEPRECATED_OBJC_IMPLEMENTATIONS = YES;
				CLANG_WARN_DIRECT_OBJC_ISA_USAGE = YES_ERROR;
				CLANG_WARN_DOCUMENTATION_COMMENTS = YES;
				CLANG_WARN_EMPTY_BODY = YES;
				CLANG_WARN_ENUM_CONVERSION = YES;
				CLANG_WARN_INFINITE_RECURSION = YES;
				CLANG_WARN_INT_CONVERSION = YES;
				CLANG_WARN_NON_LITERAL_NULL_CONVERSION = YES;
				CLANG_WARN_OBJC_IMPLICIT_RETAIN_SELF = YES;
				CLANG_WARN_OBJC_LITERAL_CONVERSION = YES;
				CLANG_WARN_OBJC_ROOT_CLASS = YES_ERROR;
				CLANG_WARN_QUOTED_INCLUDE_IN_FRAMEWORK_HEADER = YES;
				CLANG_WARN_RANGE_LOOP_ANALYSIS = YES;
				CLANG_WARN_STRICT_PROTOTYPES = YES;
				CLANG_WARN_SUSPICIOUS_MOVE = YES;
				CLANG_WARN_UNGUARDED_AVAILABILITY = YES_AGGRESSIVE;
				CLANG_WARN_UNREACHABLE_CODE = YES;
				CLANG_WARN__DUPLICATE_METHOD_MATCH = YES;
				COPY_PHASE_STRIP = NO;
				DEBUG_INFORMATION_FORMAT = dwarf;
				ENABLE_STRICT_OBJC_MSGSEND = YES;
				ENABLE_TESTABILITY = YES;
				ENABLE_USER_SCRIPT_SANDBOXING = YES;
				GCC_C_LANGUAGE_STANDARD = gnu17;
				GCC_DYNAMIC_NO_PIC = NO;
				GCC_NO_COMMON_BLOCKS = YES;
				GCC_OPTIMIZATION_LEVEL = 0;
				GCC_PREPROCESSOR_DEFINITIONS = (
					"DEBUG=1",
					"$(inherited)",
				);
				GCC_WARN_64_TO_32_BIT_CONVERSION = YES;
				GCC_WARN_ABOUT_RETURN_TYPE = YES_ERROR;
				GCC_WARN_UNDECLARED_SELECTOR = YES;
				GCC_WARN_UNINITIALIZED_AUTOS = YES_AGGRESSIVE;
				GCC_WARN_UNUSED_FUNCTION = YES;
				GCC_WARN_UNUSED_VARIABLE = YES;
				IPHONEOS_DEPLOYMENT_TARGET = 17.2;
				LOCALIZATION_PREFERS_STRING_CATALOGS = YES;
				MTL_ENABLE_DEBUG_INFO = INCLUDE_SOURCE;
				MTL_FAST_MATH = YES;
				ONLY_ACTIVE_ARCH = YES;
				SDKROOT = iphoneos;
				SWIFT_ACTIVE_COMPILATION_CONDITIONS = "DEBUG $(inherited)";
				SWIFT_OPTIMIZATION_LEVEL = "-Onone";
			};
			name = Debug;
		};
		DFBAF2D12C48E1F500DCFDC9 /* Release */ = {
			isa = XCBuildConfiguration;
			buildSettings = {
				ALWAYS_SEARCH_USER_PATHS = NO;
				ASSETCATALOG_COMPILER_GENERATE_SWIFT_ASSET_SYMBOL_EXTENSIONS = YES;
				CLANG_ANALYZER_NONNULL = YES;
				CLANG_ANALYZER_NUMBER_OBJECT_CONVERSION = YES_AGGRESSIVE;
				CLANG_CXX_LANGUAGE_STANDARD = "gnu++20";
				CLANG_ENABLE_MODULES = YES;
				CLANG_ENABLE_OBJC_ARC = YES;
				CLANG_ENABLE_OBJC_WEAK = YES;
				CLANG_WARN_BLOCK_CAPTURE_AUTORELEASING = YES;
				CLANG_WARN_BOOL_CONVERSION = YES;
				CLANG_WARN_COMMA = YES;
				CLANG_WARN_CONSTANT_CONVERSION = YES;
				CLANG_WARN_DEPRECATED_OBJC_IMPLEMENTATIONS = YES;
				CLANG_WARN_DIRECT_OBJC_ISA_USAGE = YES_ERROR;
				CLANG_WARN_DOCUMENTATION_COMMENTS = YES;
				CLANG_WARN_EMPTY_BODY = YES;
				CLANG_WARN_ENUM_CONVERSION = YES;
				CLANG_WARN_INFINITE_RECURSION = YES;
				CLANG_WARN_INT_CONVERSION = YES;
				CLANG_WARN_NON_LITERAL_NULL_CONVERSION = YES;
				CLANG_WARN_OBJC_IMPLICIT_RETAIN_SELF = YES;
				CLANG_WARN_OBJC_LITERAL_CONVERSION = YES;
				CLANG_WARN_OBJC_ROOT_CLASS = YES_ERROR;
				CLANG_WARN_QUOTED_INCLUDE_IN_FRAMEWORK_HEADER = YES;
				CLANG_WARN_RANGE_LOOP_ANALYSIS = YES;
				CLANG_WARN_STRICT_PROTOTYPES = YES;
				CLANG_WARN_SUSPICIOUS_MOVE = YES;
				CLANG_WARN_UNGUARDED_AVAILABILITY = YES_AGGRESSIVE;
				CLANG_WARN_UNREACHABLE_CODE = YES;
				CLANG_WARN__DUPLICATE_METHOD_MATCH = YES;
				COPY_PHASE_STRIP = NO;
				DEBUG_INFORMATION_FORMAT = "dwarf-with-dsym";
				ENABLE_NS_ASSERTIONS = NO;
				ENABLE_STRICT_OBJC_MSGSEND = YES;
				ENABLE_USER_SCRIPT_SANDBOXING = YES;
				GCC_C_LANGUAGE_STANDARD = gnu17;
				GCC_NO_COMMON_BLOCKS = YES;
				GCC_WARN_64_TO_32_BIT_CONVERSION = YES;
				GCC_WARN_ABOUT_RETURN_TYPE = YES_ERROR;
				GCC_WARN_UNDECLARED_SELECTOR = YES;
				GCC_WARN_UNINITIALIZED_AUTOS = YES_AGGRESSIVE;
				GCC_WARN_UNUSED_FUNCTION = YES;
				GCC_WARN_UNUSED_VARIABLE = YES;
				IPHONEOS_DEPLOYMENT_TARGET = 17.2;
				LOCALIZATION_PREFERS_STRING_CATALOGS = YES;
				MTL_ENABLE_DEBUG_INFO = NO;
				MTL_FAST_MATH = YES;
				SDKROOT = iphoneos;
				SWIFT_COMPILATION_MODE = wholemodule;
				VALIDATE_PRODUCT = YES;
			};
			name = Release;
		};
		DFBAF2D32C48E1F500DCFDC9 /* Debug */ = {
			isa = XCBuildConfiguration;
			baseConfigurationReference = 4C62570BD884727F8191EA90 /* Pods-Instagram.debug.xcconfig */;
			buildSettings = {
				ASSETCATALOG_COMPILER_APPICON_NAME = AppIcon;
				ASSETCATALOG_COMPILER_GLOBAL_ACCENT_COLOR_NAME = AccentColor;
				CODE_SIGN_STYLE = Automatic;
				CURRENT_PROJECT_VERSION = 1;
				DEVELOPMENT_TEAM = KST85RUY6U;
				GENERATE_INFOPLIST_FILE = YES;
				INFOPLIST_FILE = Instagram/Info.plist;
				INFOPLIST_KEY_UIApplicationSupportsIndirectInputEvents = YES;
				INFOPLIST_KEY_UILaunchStoryboardName = LaunchScreen;
				INFOPLIST_KEY_UIMainStoryboardFile = Main;
				INFOPLIST_KEY_UISupportedInterfaceOrientations = UIInterfaceOrientationPortrait;
				INFOPLIST_KEY_UISupportedInterfaceOrientations_iPad = "UIInterfaceOrientationLandscapeLeft UIInterfaceOrientationLandscapeRight UIInterfaceOrientationPortrait UIInterfaceOrientationPortraitUpsideDown";
				LD_RUNPATH_SEARCH_PATHS = (
					"$(inherited)",
					"@executable_path/Frameworks",
				);
				MARKETING_VERSION = 1.0;
				PRODUCT_BUNDLE_IDENTIFIER = jp.techacademy.shouri.ahagon.Instagram;
				PRODUCT_NAME = "$(TARGET_NAME)";
				SUPPORTED_PLATFORMS = "iphoneos iphonesimulator";
				SUPPORTS_MACCATALYST = NO;
				SUPPORTS_MAC_DESIGNED_FOR_IPHONE_IPAD = NO;
				SWIFT_EMIT_LOC_STRINGS = YES;
				SWIFT_VERSION = 5.0;
				TARGETED_DEVICE_FAMILY = 1;
			};
			name = Debug;
		};
		DFBAF2D42C48E1F500DCFDC9 /* Release */ = {
			isa = XCBuildConfiguration;
			baseConfigurationReference = 8ECD045591558F7FFF2CFEFD /* Pods-Instagram.release.xcconfig */;
			buildSettings = {
				ASSETCATALOG_COMPILER_APPICON_NAME = AppIcon;
				ASSETCATALOG_COMPILER_GLOBAL_ACCENT_COLOR_NAME = AccentColor;
				CODE_SIGN_STYLE = Automatic;
				CURRENT_PROJECT_VERSION = 1;
				DEVELOPMENT_TEAM = KST85RUY6U;
				GENERATE_INFOPLIST_FILE = YES;
				INFOPLIST_FILE = Instagram/Info.plist;
				INFOPLIST_KEY_UIApplicationSupportsIndirectInputEvents = YES;
				INFOPLIST_KEY_UILaunchStoryboardName = LaunchScreen;
				INFOPLIST_KEY_UIMainStoryboardFile = Main;
				INFOPLIST_KEY_UISupportedInterfaceOrientations = UIInterfaceOrientationPortrait;
				INFOPLIST_KEY_UISupportedInterfaceOrientations_iPad = "UIInterfaceOrientationLandscapeLeft UIInterfaceOrientationLandscapeRight UIInterfaceOrientationPortrait UIInterfaceOrientationPortraitUpsideDown";
				LD_RUNPATH_SEARCH_PATHS = (
					"$(inherited)",
					"@executable_path/Frameworks",
				);
				MARKETING_VERSION = 1.0;
				PRODUCT_BUNDLE_IDENTIFIER = jp.techacademy.shouri.ahagon.Instagram;
				PRODUCT_NAME = "$(TARGET_NAME)";
				SUPPORTED_PLATFORMS = "iphoneos iphonesimulator";
				SUPPORTS_MACCATALYST = NO;
				SUPPORTS_MAC_DESIGNED_FOR_IPHONE_IPAD = NO;
				SWIFT_EMIT_LOC_STRINGS = YES;
				SWIFT_VERSION = 5.0;
				TARGETED_DEVICE_FAMILY = 1;
			};
			name = Release;
		};
/* End XCBuildConfiguration section */

/* Begin XCConfigurationList section */
		DFBAF2B92C48E1F400DCFDC9 /* Build configuration list for PBXProject "Instagram" */ = {
			isa = XCConfigurationList;
			buildConfigurations = (
				DFBAF2D02C48E1F500DCFDC9 /* Debug */,
				DFBAF2D12C48E1F500DCFDC9 /* Release */,
			);
			defaultConfigurationIsVisible = 0;
			defaultConfigurationName = Release;
		};
		DFBAF2D22C48E1F500DCFDC9 /* Build configuration list for PBXNativeTarget "Instagram" */ = {
			isa = XCConfigurationList;
			buildConfigurations = (
				DFBAF2D32C48E1F500DCFDC9 /* Debug */,
				DFBAF2D42C48E1F500DCFDC9 /* Release */,
			);
			defaultConfigurationIsVisible = 0;
			defaultConfigurationName = Release;
		};
/* End XCConfigurationList section */
	};
	rootObject = DFBAF2B62C48E1F400DCFDC9 /* Project object */;
}
